Microsoft Visual Studio Solution File, Format Version 12.00
# Visual Studio Version 16
VisualStudioVersion = 16.0.0.0
MinimumVisualStudioVersion = 16.0.0.0
Project("{9A19103F-16F7-4668-BE54-9A1E7A4F7556}") = "DynamicFormClient.Server", "Server\DynamicFormClient.Server.csproj", "{ACA5857C-4B03-4ACD-9DAD-BA9160E5B30E}"
EndProject
Project("{9A19103F-16F7-4668-BE54-9A1E7A4F7556}") = "DynamicFormClient.Client", "Client\DynamicFormClient.Client.csproj", "{9E0B35AE-B81D-46C0-9B96-E3584350C28A}"
EndProject
Project("{9A19103F-16F7-4668-BE54-9A1E7A4F7556}") = "DynamicFormClient.Shared", "Shared\DynamicFormClient.Shared.csproj", "{01A21D1D-32F0-4AA8-8816-443DE53BE4FE}"
EndProject
Global
	GlobalSection(SolutionConfigurationPlatforms) = preSolution
		Debug|Any CPU = Debug|Any CPU
		Debug|x64 = Debug|x64
		Debug|x86 = Debug|x86
		Release|Any CPU = Release|Any CPU
		Release|x64 = Release|x64
		Release|x86 = Release|x86
	EndGlobalSection
	GlobalSection(ProjectConfigurationPlatforms) = postSolution
		{9E0B35AE-B81D-46C0-9B96-E3584350C28A}.Debug|Any CPU.ActiveCfg = Debug|Any CPU
		{9E0B35AE-B81D-46C0-9B96-E3584350C28A}.Debug|Any CPU.Build.0 = Debug|Any CPU
		{9E0B35AE-B81D-46C0-9B96-E3584350C28A}.Debug|x64.ActiveCfg = Debug|Any CPU
		{9E0B35AE-B81D-46C0-9B96-E3584350C28A}.Debug|x64.Build.0 = Debug|Any CPU
		{9E0B35AE-B81D-46C0-9B96-E3584350C28A}.Debug|x86.ActiveCfg = Debug|Any CPU
		{9E0B35AE-B81D-46C0-9B96-E3584350C28A}.Debug|x86.Build.0 = Debug|Any CPU
		{9E0B35AE-B81D-46C0-9B96-E3584350C28A}.Release|Any CPU.ActiveCfg = Release|Any CPU
		{9E0B35AE-B81D-46C0-9B96-E3584350C28A}.Release|Any CPU.Build.0 = Release|Any CPU
		{9E0B35AE-B81D-46C0-9B96-E3584350C28A}.Release|x64.ActiveCfg = Release|Any CPU
		{9E0B35AE-B81D-46C0-9B96-E3584350C28A}.Release|x64.Build.0 = Release|Any CPU
		{9E0B35AE-B81D-46C0-9B96-E3584350C28A}.Release|x86.ActiveCfg = Release|Any CPU
		{9E0B35AE-B81D-46C0-9B96-E3584350C28A}.Release|x86.Build.0 = Release|Any CPU
		{ACA5857C-4B03-4ACD-9DAD-BA9160E5B30E}.Debug|Any CPU.ActiveCfg = Debug|Any CPU
		{ACA5857C-4B03-4ACD-9DAD-BA9160E5B30E}.Debug|Any CPU.Build.0 = Debug|Any CPU
		{ACA5857C-4B03-4ACD-9DAD-BA9160E5B30E}.Debug|x64.ActiveCfg = Debug|Any CPU
		{ACA5857C-4B03-4ACD-9DAD-BA9160E5B30E}.Debug|x64.Build.0 = Debug|Any CPU
		{ACA5857C-4B03-4ACD-9DAD-BA9160E5B30E}.Debug|x86.ActiveCfg = Debug|Any CPU
		{ACA5857C-4B03-4ACD-9DAD-BA9160E5B30E}.Debug|x86.Build.0 = Debug|Any CPU
		{ACA5857C-4B03-4ACD-9DAD-BA9160E5B30E}.Release|Any CPU.ActiveCfg = Release|Any CPU
		{ACA5857C-4B03-4ACD-9DAD-BA9160E5B30E}.Release|Any CPU.Build.0 = Release|Any CPU
		{ACA5857C-4B03-4ACD-9DAD-BA9160E5B30E}.Release|x64.ActiveCfg = Release|Any CPU
		{ACA5857C-4B03-4ACD-9DAD-BA9160E5B30E}.Release|x64.Build.0 = Release|Any CPU
		{ACA5857C-4B03-4ACD-9DAD-BA9160E5B30E}.Release|x86.ActiveCfg = Release|Any CPU
		{ACA5857C-4B03-4ACD-9DAD-BA9160E5B30E}.Release|x86.Build.0 = Release|Any CPU
		{01A21D1D-32F0-4AA8-8816-443DE53BE4FE}.Debug|Any CPU.ActiveCfg = Debug|Any CPU
		{01A21D1D-32F0-4AA8-8816-443DE53BE4FE}.Debug|Any CPU.Build.0 = Debug|Any CPU
		{01A21D1D-32F0-4AA8-8816-443DE53BE4FE}.Debug|x64.ActiveCfg = Debug|Any CPU
		{01A21D1D-32F0-4AA8-8816-443DE53BE4FE}.Debug|x64.Build.0 = Debug|Any CPU
		{01A21D1D-32F0-4AA8-8816-443DE53BE4FE}.Debug|x86.ActiveCfg = Debug|Any CPU
		{01A21D1D-32F0-4AA8-8816-443DE53BE4FE}.Debug|x86.Build.0 = Debug|Any CPU
		{01A21D1D-32F0-4AA8-8816-443DE53BE4FE}.Release|Any CPU.ActiveCfg = Release|Any CPU
		{01A21D1D-32F0-4AA8-8816-443DE53BE4FE}.Release|Any CPU.Build.0 = Release|Any CPU
		{01A21D1D-32F0-4AA8-8816-443DE53BE4FE}.Release|x64.ActiveCfg = Release|Any CPU
		{01A21D1D-32F0-4AA8-8816-443DE53BE4FE}.Release|x64.Build.0 = Release|Any CPU
		{01A21D1D-32F0-4AA8-8816-443DE53BE4FE}.Release|x86.ActiveCfg = Release|Any CPU
		{01A21D1D-32F0-4AA8-8816-443DE53BE4FE}.Release|x86.Build.0 = Release|Any CPU
	EndGlobalSection
	GlobalSection(SolutionProperties) = preSolution
		HideSolutionNode = FALSE
	EndGlobalSection
	GlobalSection(ExtensibilityGlobals) = postSolution
		SolutionGuid = {A1F28EC4-AC23-4919-8DB8-A69840807541}
	EndGlobalSection
EndGlobal